
Microsoft Visual Studio Solution File, Format Version 12.00
# Visual Studio Version 17
VisualStudioVersion = 17.1.32210.238
MinimumVisualStudioVersion = 10.0.40219.1
Project("{FAE04EC0-301F-11D3-BF4B-00C04F79EFBC}") = "PizzaOrder", "PizzaOrder.csproj", "{8EB3D3B1-E69F-4E8D-B376-A854ECD9FFE3}"
EndProject
Global
	GlobalSection(SolutionConfigurationPlatforms) = preSolution
		Debug|Any CPU = Debug|Any CPU
		Release|Any CPU = Release|Any CPU
	EndGlobalSection
	GlobalSection(ProjectConfigurationPlatforms) = postSolution
		{8EB3D3B1-E69F-4E8D-B376-A854ECD9FFE3}.Debug|Any CPU.ActiveCfg = Debug|Any CPU
		{8EB3D3B1-E69F-4E8D-B376-A854ECD9FFE3}.Debug|Any CPU.Build.0 = Debug|Any CPU
		{8EB3D3B1-E69F-4E8D-B376-A854ECD9FFE3}.Release|Any CPU.ActiveCfg = Release|Any CPU
		{8EB3D3B1-E69F-4E8D-B376-A854ECD9FFE3}.Release|Any CPU.Build.0 = Release|Any CPU
	EndGlobalSection
	GlobalSection(SolutionProperties) = preSolution
		HideSolutionNode = FALSE
	EndGlobalSection
	GlobalSection(ExtensibilityGlobals) = postSolution
		SolutionGuid = {42474A18-BEF9-4437-9AC8-A2153AB2F6AA}
	EndGlobalSection
EndGlobal
